{
  "name": "ani-calendar",
  "version": "1.0.0",
  "lockfileVersion": 3,
  "requires": true,
  "packages": {
    "": {
      "name": "ani-calendar",
      "version": "1.0.0",
      "dependencies": {
        "opencc-js": "^1.4.1"
      },
      "engines": {
        "node": ">=12.0.0"
      }
    },
    "node_modules/opencc-js": {
      "version": "1.4.1",
      "resolved": "https://registry.npmmirror.com/opencc-js/-/opencc-js-1.4.1.tgz",
      "integrity": "sha512-2lPLcrg7cnh1ATSduOxhnk/jq6KlR6w+5Ihl4wF7Z5e5Rva4vxTyugV5rZ7EiUCOZl+EDOLetIix+BhgYDCC+A==",
      "license": "MIT AND Apache-2.0"
    }
  }
}
